
Microsoft Visual Studio Solution File, Format Version 12.00
# Visual Studio Version 17
VisualStudioVersion = 17.7.34031.279
MinimumVisualStudioVersion = 10.0.40219.1
Project("{9A19103F-16F7-4668-BE54-9A1E7A4F7556}") = "ParkingService", "ParkingService\ParkingService.csproj", "{E83A9BE7-05CD-4979-94C3-CDC0BA560ECF}"
EndProject
Project("{9A19103F-16F7-4668-BE54-9A1E7A4F7556}") = "CarTypeService", "CarTypeService\CarTypeService.csproj", "{5B6E1B39-CD5F-4FE6-841A-6B7743604768}"
EndProject
Project("{9A19103F-16F7-4668-BE54-9A1E7A4F7556}") = "EmailService", "EmailService\EmailService.csproj", "{3C8A5760-2F50-4BCC-BE88-9500B90C2001}"
EndProject
Project("{9A19103F-16F7-4668-BE54-9A1E7A4F7556}") = "SMSService", "SMSService\SMSService.csproj", "{BB362499-4300-4FC4-9BC0-7ADA0EB5B833}"
EndProject
Project("{9A19103F-16F7-4668-BE54-9A1E7A4F7556}") = "ConsoleApp", "ConsoleApp\ConsoleApp.csproj", "{7A9B7B45-6BA7-4334-8EC5-17260760EC11}"
EndProject
Global
	GlobalSection(SolutionConfigurationPlatforms) = preSolution
		Debug|Any CPU = Debug|Any CPU
		Release|Any CPU = Release|Any CPU
	EndGlobalSection
	GlobalSection(ProjectConfigurationPlatforms) = postSolution
		{E83A9BE7-05CD-4979-94C3-CDC0BA560ECF}.Debug|Any CPU.ActiveCfg = Debug|Any CPU
		{E83A9BE7-05CD-4979-94C3-CDC0BA560ECF}.Debug|Any CPU.Build.0 = Debug|Any CPU
		{E83A9BE7-05CD-4979-94C3-CDC0BA560ECF}.Release|Any CPU.ActiveCfg = Release|Any CPU
		{E83A9BE7-05CD-4979-94C3-CDC0BA560ECF}.Release|Any CPU.Build.0 = Release|Any CPU
		{5B6E1B39-CD5F-4FE6-841A-6B7743604768}.Debug|Any CPU.ActiveCfg = Debug|Any CPU
		{5B6E1B39-CD5F-4FE6-841A-6B7743604768}.Debug|Any CPU.Build.0 = Debug|Any CPU
		{5B6E1B39-CD5F-4FE6-841A-6B7743604768}.Release|Any CPU.ActiveCfg = Release|Any CPU
		{5B6E1B39-CD5F-4FE6-841A-6B7743604768}.Release|Any CPU.Build.0 = Release|Any CPU
		{3C8A5760-2F50-4BCC-BE88-9500B90C2001}.Debug|Any CPU.ActiveCfg = Debug|Any CPU
		{3C8A5760-2F50-4BCC-BE88-9500B90C2001}.Debug|Any CPU.Build.0 = Debug|Any CPU
		{3C8A5760-2F50-4BCC-BE88-9500B90C2001}.Release|Any CPU.ActiveCfg = Release|Any CPU
		{3C8A5760-2F50-4BCC-BE88-9500B90C2001}.Release|Any CPU.Build.0 = Release|Any CPU
		{BB362499-4300-4FC4-9BC0-7ADA0EB5B833}.Debug|Any CPU.ActiveCfg = Debug|Any CPU
		{BB362499-4300-4FC4-9BC0-7ADA0EB5B833}.Debug|Any CPU.Build.0 = Debug|Any CPU
		{BB362499-4300-4FC4-9BC0-7ADA0EB5B833}.Release|Any CPU.ActiveCfg = Release|Any CPU
		{BB362499-4300-4FC4-9BC0-7ADA0EB5B833}.Release|Any CPU.Build.0 = Release|Any CPU
		{7A9B7B45-6BA7-4334-8EC5-17260760EC11}.Debug|Any CPU.ActiveCfg = Debug|Any CPU
		{7A9B7B45-6BA7-4334-8EC5-17260760EC11}.Debug|Any CPU.Build.0 = Debug|Any CPU
		{7A9B7B45-6BA7-4334-8EC5-17260760EC11}.Release|Any CPU.ActiveCfg = Release|Any CPU
		{7A9B7B45-6BA7-4334-8EC5-17260760EC11}.Release|Any CPU.Build.0 = Release|Any CPU
	EndGlobalSection
	GlobalSection(SolutionProperties) = preSolution
		HideSolutionNode = FALSE
	EndGlobalSection
	GlobalSection(ExtensibilityGlobals) = postSolution
		SolutionGuid = {2E655F35-B116-41DE-AAA9-4AB04B654016}
	EndGlobalSection
EndGlobal
